
Microsoft Visual Studio Solution File, Format Version 12.00
# Visual Studio Version 17
VisualStudioVersion = 17.8.34330.188
MinimumVisualStudioVersion = 10.0.40219.1
Project("{FAE04EC0-301F-11D3-BF4B-00C04F79EFBC}") = "WebApplication1", "WebApplication1\WebApplication1.csproj", "{267FA67A-0C65-4CC3-9C58-9C4583F343B3}"
EndProject
Global
	GlobalSection(SolutionConfigurationPlatforms) = preSolution
		Debug|Any CPU = Debug|Any CPU
		Release|Any CPU = Release|Any CPU
	EndGlobalSection
	GlobalSection(ProjectConfigurationPlatforms) = postSolution
		{267FA67A-0C65-4CC3-9C58-9C4583F343B3}.Debug|Any CPU.ActiveCfg = Debug|Any CPU
		{267FA67A-0C65-4CC3-9C58-9C4583F343B3}.Debug|Any CPU.Build.0 = Debug|Any CPU
		{267FA67A-0C65-4CC3-9C58-9C4583F343B3}.Release|Any CPU.ActiveCfg = Release|Any CPU
		{267FA67A-0C65-4CC3-9C58-9C4583F343B3}.Release|Any CPU.Build.0 = Release|Any CPU
	EndGlobalSection
	GlobalSection(SolutionProperties) = preSolution
		HideSolutionNode = FALSE
	EndGlobalSection
	GlobalSection(ExtensibilityGlobals) = postSolution
		SolutionGuid = {1E206563-DC9C-4F3D-BF63-388BE86EE8F9}
	EndGlobalSection
EndGlobal
